// !$*UTF8*$!
{
	archiveVersion = 1;
	classes = {
	};
	objectVersion = 52;
	objects = {

/* Begin PBXBuildFile section */
		42048A02252198F100D7FE48 /* LaunchScreenView.swift in Sources */ = {isa = PBXBuildFile; fileRef = 42048A01252198F100D7FE48 /* LaunchScreenView.swift */; };
		42048A072521993B00D7FE48 /* HelpSheetView.swift in Sources */ = {isa = PBXBuildFile; fileRef = 42048A062521993B00D7FE48 /* HelpSheetView.swift */; };
		42048A0C2521996700D7FE48 /* TextCopiedModalView.swift in Sources */ = {isa = PBXBuildFile; fileRef = 42048A0B2521996700D7FE48 /* TextCopiedModalView.swift */; };
		4204C0F4252116DF0004DB27 /* Solution.swift in Sources */ = {isa = PBXBuildFile; fileRef = 4204C0F3252116DF0004DB27 /* Solution.swift */; };
		427B1F3F2523B11600313305 /* Assets.xcassets in Resources */ = {isa = PBXBuildFile; fileRef = 4290C6CB2520484B005B1BC7 /* Assets.xcassets */; };
		4290C6DC2520484B005B1BC7 /* Type_CalcApp.swift in Sources */ = {isa = PBXBuildFile; fileRef = 4290C6C92520484A005B1BC7 /* Type_CalcApp.swift */; };
		4290C6DE2520484B005B1BC7 /* CalculatorView.swift in Sources */ = {isa = PBXBuildFile; fileRef = 4290C6CA2520484A005B1BC7 /* CalculatorView.swift */; };
		4290C6E02520484B005B1BC7 /* Assets.xcassets in Resources */ = {isa = PBXBuildFile; fileRef = 4290C6CB2520484B005B1BC7 /* Assets.xcassets */; };
		42A920CB25239C6700CA3502 /* AppDelegate.swift in Sources */ = {isa = PBXBuildFile; fileRef = 42A920CA25239C6700CA3502 /* AppDelegate.swift */; };
		42A920CD25239C6700CA3502 /* CalculatorView.swift in Sources */ = {isa = PBXBuildFile; fileRef = 42A920CC25239C6700CA3502 /* CalculatorView.swift */; };
		42A920CF25239C6900CA3502 /* Assets.xcassets in Resources */ = {isa = PBXBuildFile; fileRef = 42A920CE25239C6900CA3502 /* Assets.xcassets */; };
		42A920D225239C6900CA3502 /* Preview Assets.xcassets in Resources */ = {isa = PBXBuildFile; fileRef = 42A920D125239C6900CA3502 /* Preview Assets.xcassets */; };
		42A920D525239C6900CA3502 /* Main.storyboard in Resources */ = {isa = PBXBuildFile; fileRef = 42A920D325239C6900CA3502 /* Main.storyboard */; };
		42A920E825239D7F00CA3502 /* Solution.swift in Sources */ = {isa = PBXBuildFile; fileRef = 4204C0F3252116DF0004DB27 /* Solution.swift */; };
		42A920F12523A6CB00CA3502 /* CoreServices.framework in Frameworks */ = {isa = PBXBuildFile; fileRef = 42A920F02523A6CB00CA3502 /* CoreServices.framework */; };
		42A920F52523A75900CA3502 /* Expression in Frameworks */ = {isa = PBXBuildFile; productRef = 42A920F42523A75900CA3502 /* Expression */; };
		42B46B2825213D9300F12721 /* Expression in Frameworks */ = {isa = PBXBuildFile; productRef = 42B46B2725213D9300F12721 /* Expression */; };
/* End PBXBuildFile section */

/* Begin PBXFileReference section */
		42048A01252198F100D7FE48 /* LaunchScreenView.swift */ = {isa = PBXFileReference; lastKnownFileType = sourcecode.swift; path = LaunchScreenView.swift; sourceTree = "<group>"; };
		42048A062521993B00D7FE48 /* HelpSheetView.swift */ = {isa = PBXFileReference; lastKnownFileType = sourcecode.swift; path = HelpSheetView.swift; sourceTree = "<group>"; };
		42048A0B2521996700D7FE48 /* TextCopiedModalView.swift */ = {isa = PBXFileReference; lastKnownFileType = sourcecode.swift; path = TextCopiedModalView.swift; sourceTree = "<group>"; };
		4204C0F3252116DF0004DB27 /* Solution.swift */ = {isa = PBXFileReference; lastKnownFileType = sourcecode.swift; path = Solution.swift; sourceTree = "<group>"; };
		4290C6C92520484A005B1BC7 /* Type_CalcApp.swift */ = {isa = PBXFileReference; lastKnownFileType = sourcecode.swift; path = Type_CalcApp.swift; sourceTree = "<group>"; };
		4290C6CA2520484A005B1BC7 /* CalculatorView.swift */ = {isa = PBXFileReference; lastKnownFileType = sourcecode.swift; path = CalculatorView.swift; sourceTree = "<group>"; };
		4290C6CB2520484B005B1BC7 /* Assets.xcassets */ = {isa = PBXFileReference; lastKnownFileType = folder.assetcatalog; path = Assets.xcassets; sourceTree = "<group>"; };
		4290C6D02520484B005B1BC7 /* Type-Calc.app */ = {isa = PBXFileReference; explicitFileType = wrapper.application; includeInIndex = 0; path = "Type-Calc.app"; sourceTree = BUILT_PRODUCTS_DIR; };
		4290C6D32520484B005B1BC7 /* Info.plist */ = {isa = PBXFileReference; lastKnownFileType = text.plist.xml; path = Info.plist; sourceTree = "<group>"; };
		4290C6DA2520484B005B1BC7 /* Info.plist */ = {isa = PBXFileReference; lastKnownFileType = text.plist.xml; path = Info.plist; sourceTree = "<group>"; };
		4290C6DB2520484B005B1BC7 /* macOS.entitlements */ = {isa = PBXFileReference; lastKnownFileType = text.plist.entitlements; path = macOS.entitlements; sourceTree = "<group>"; };
		42A920C825239C6700CA3502 /* Type Calc.app */ = {isa = PBXFileReference; explicitFileType = wrapper.application; includeInIndex = 0; path = "Type Calc.app"; sourceTree = BUILT_PRODUCTS_DIR; };
		42A920CA25239C6700CA3502 /* AppDelegate.swift */ = {isa = PBXFileReference; lastKnownFileType = sourcecode.swift; path = AppDelegate.swift; sourceTree = "<group>"; };
		42A920CC25239C6700CA3502 /* CalculatorView.swift */ = {isa = PBXFileReference; lastKnownFileType = sourcecode.swift; path = CalculatorView.swift; sourceTree = "<group>"; };
		42A920CE25239C6900CA3502 /* Assets.xcassets */ = {isa = PBXFileReference; lastKnownFileType = folder.assetcatalog; path = Assets.xcassets; sourceTree = "<group>"; };
		42A920D125239C6900CA3502 /* Preview Assets.xcassets */ = {isa = PBXFileReference; lastKnownFileType = folder.assetcatalog; path = "Preview Assets.xcassets"; sourceTree = "<group>"; };
		42A920D425239C6900CA3502 /* Base */ = {isa = PBXFileReference; lastKnownFileType = file.storyboard; name = Base; path = Base.lproj/Main.storyboard; sourceTree = "<group>"; };
		42A920D625239C6900CA3502 /* Info.plist */ = {isa = PBXFileReference; lastKnownFileType = text.plist.xml; path = Info.plist; sourceTree = "<group>"; };
		42A920D725239C6900CA3502 /* Type_Calc.entitlements */ = {isa = PBXFileReference; lastKnownFileType = text.plist.entitlements; path = Type_Calc.entitlements; sourceTree = "<group>"; };
		42A920F02523A6CB00CA3502 /* CoreServices.framework */ = {isa = PBXFileReference; lastKnownFileType = wrapper.framework; name = CoreServices.framework; path = System/Library/Frameworks/CoreServices.framework; sourceTree = SDKROOT; };
/* End PBXFileReference section */

/* Begin PBXFrameworksBuildPhase section */
		4290C6CD2520484B005B1BC7 /* Frameworks */ = {
			isa = PBXFrameworksBuildPhase;
			buildActionMask = 2147483647;
			files = (
				42B46B2825213D9300F12721 /* Expression in Frameworks */,
			);
			runOnlyForDeploymentPostprocessing = 0;
		};
		42A920C525239C6700CA3502 /* Frameworks */ = {
			isa = PBXFrameworksBuildPhase;
			buildActionMask = 2147483647;
			files = (
				42A920F52523A75900CA3502 /* Expression in Frameworks */,
				42A920F12523A6CB00CA3502 /* CoreServices.framework in Frameworks */,
			);
			runOnlyForDeploymentPostprocessing = 0;
		};
/* End PBXFrameworksBuildPhase section */

/* Begin PBXGroup section */
		42048A1625219A0200D7FE48 /* Views */ = {
			isa = PBXGroup;
			children = (
				42048A0B2521996700D7FE48 /* TextCopiedModalView.swift */,
				42048A062521993B00D7FE48 /* HelpSheetView.swift */,
				42048A01252198F100D7FE48 /* LaunchScreenView.swift */,
			);
			name = Views;
			sourceTree = "<group>";
		};
		4290C6C32520484A005B1BC7 = {
			isa = PBXGroup;
			children = (
				4290C6C82520484A005B1BC7 /* Shared */,
				4290C6D22520484B005B1BC7 /* iOS */,
				4290C6D92520484B005B1BC7 /* macOS */,
				42A920C925239C6700CA3502 /* Type Calc */,
				4290C6D12520484B005B1BC7 /* Products */,
				42A920EF2523A6CA00CA3502 /* Frameworks */,
			);
			sourceTree = "<group>";
		};
		4290C6C82520484A005B1BC7 /* Shared */ = {
			isa = PBXGroup;
			children = (
				4290C6CA2520484A005B1BC7 /* CalculatorView.swift */,
				4290C6C92520484A005B1BC7 /* Type_CalcApp.swift */,
				42048A1625219A0200D7FE48 /* Views */,
				4204C0F3252116DF0004DB27 /* Solution.swift */,
				4290C6CB2520484B005B1BC7 /* Assets.xcassets */,
			);
			path = Shared;
			sourceTree = "<group>";
		};
		4290C6D12520484B005B1BC7 /* Products */ = {
			isa = PBXGroup;
			children = (
				4290C6D02520484B005B1BC7 /* Type-Calc.app */,
				42A920C825239C6700CA3502 /* Type Calc.app */,
			);
			name = Products;
			sourceTree = "<group>";
		};
		4290C6D22520484B005B1BC7 /* iOS */ = {
			isa = PBXGroup;
			children = (
				4290C6D32520484B005B1BC7 /* Info.plist */,
			);
			path = iOS;
			sourceTree = "<group>";
		};
		4290C6D92520484B005B1BC7 /* macOS */ = {
			isa = PBXGroup;
			children = (
				4290C6DA2520484B005B1BC7 /* Info.plist */,
				4290C6DB2520484B005B1BC7 /* macOS.entitlements */,
			);
			path = macOS;
			sourceTree = "<group>";
		};
		42A920C925239C6700CA3502 /* Type Calc */ = {
			isa = PBXGroup;
			children = (
				42A920CA25239C6700CA3502 /* AppDelegate.swift */,
				42A920CC25239C6700CA3502 /* CalculatorView.swift */,
				42A920CE25239C6900CA3502 /* Assets.xcassets */,
				42A920D325239C6900CA3502 /* Main.storyboard */,
				42A920D625239C6900CA3502 /* Info.plist */,
				42A920D725239C6900CA3502 /* Type_Calc.entitlements */,
				42A920D025239C6900CA3502 /* Preview Content */,
			);
			path = "Type Calc";
			sourceTree = "<group>";
		};
		42A920D025239C6900CA3502 /* Preview Content */ = {
			isa = PBXGroup;
			children = (
				42A920D125239C6900CA3502 /* Preview Assets.xcassets */,
			);
			path = "Preview Content";
			sourceTree = "<group>";
		};
		42A920EF2523A6CA00CA3502 /* Frameworks */ = {
			isa = PBXGroup;
			children = (
				42A920F02523A6CB00CA3502 /* CoreServices.framework */,
			);
			name = Frameworks;
			sourceTree = "<group>";
		};
/* End PBXGroup section */

/* Begin PBXNativeTarget section */
		4290C6CF2520484B005B1BC7 /* Type-Calc (iOS) */ = {
			isa = PBXNativeTarget;
			buildConfigurationList = 4290C6E42520484B005B1BC7 /* Build configuration list for PBXNativeTarget "Type-Calc (iOS)" */;
			buildPhases = (
				4290C6CC2520484B005B1BC7 /* Sources */,
				4290C6CD2520484B005B1BC7 /* Frameworks */,
				4290C6CE2520484B005B1BC7 /* Resources */,
			);
			buildRules = (
			);
			dependencies = (
			);
			name = "Type-Calc (iOS)";
			packageProductDependencies = (
				42B46B2725213D9300F12721 /* Expression */,
			);
			productName = "Type-Calc (iOS)";
			productReference = 4290C6D02520484B005B1BC7 /* Type-Calc.app */;
			productType = "com.apple.product-type.application";
		};
		42A920C725239C6700CA3502 /* Type Calc */ = {
			isa = PBXNativeTarget;
			buildConfigurationList = 42A920D825239C6900CA3502 /* Build configuration list for PBXNativeTarget "Type Calc" */;
			buildPhases = (
				42A920C425239C6700CA3502 /* Sources */,
				42A920C525239C6700CA3502 /* Frameworks */,
				42A920C625239C6700CA3502 /* Resources */,
			);
			buildRules = (
			);
			dependencies = (
				42A920DF25239CB400CA3502 /* PBXTargetDependency */,
			);
			name = "Type Calc";
			packageProductDependencies = (
				42A920F42523A75900CA3502 /* Expression */,
			);
			productName = "Type Calc";
			productReference = 42A920C825239C6700CA3502 /* Type Calc.app */;
			productType = "com.apple.product-type.application";
		};
/* End PBXNativeTarget section */

/* Begin PBXProject section */
		4290C6C42520484A005B1BC7 /* Project object */ = {
			isa = PBXProject;
			attributes = {
				LastSwiftUpdateCheck = 1200;
				LastUpgradeCheck = 1220;
				TargetAttributes = {
					4290C6CF2520484B005B1BC7 = {
						CreatedOnToolsVersion = 12.2;
					};
					42A920C725239C6700CA3502 = {
						CreatedOnToolsVersion = 12.0.1;
					};
				};
			};
			buildConfigurationList = 4290C6C72520484A005B1BC7 /* Build configuration list for PBXProject "Type-Calc" */;
			compatibilityVersion = "Xcode 9.3";
			developmentRegion = en;
			hasScannedForEncodings = 0;
			knownRegions = (
				en,
				Base,
			);
			mainGroup = 4290C6C32520484A005B1BC7;
			packageReferences = (
				42B46B2625213D9300F12721 /* XCRemoteSwiftPackageReference "Expression" */,
			);
			productRefGroup = 4290C6D12520484B005B1BC7 /* Products */;
			projectDirPath = "";
			projectRoot = "";
			targets = (
				4290C6CF2520484B005B1BC7 /* Type-Calc (iOS) */,
				42A920C725239C6700CA3502 /* Type Calc */,
			);
		};
/* End PBXProject section */

/* Begin PBXResourcesBuildPhase section */
		4290C6CE2520484B005B1BC7 /* Resources */ = {
			isa = PBXResourcesBuildPhase;
			buildActionMask = 2147483647;
			files = (
				4290C6E02520484B005B1BC7 /* Assets.xcassets in Resources */,
			);
			runOnlyForDeploymentPostprocessing = 0;
		};
		42A920C625239C6700CA3502 /* Resources */ = {
			isa = PBXResourcesBuildPhase;
			buildActionMask = 2147483647;
			files = (
				42A920D525239C6900CA3502 /* Main.storyboard in Resources */,
				42A920D225239C6900CA3502 /* Preview Assets.xcassets in Resources */,
				427B1F3F2523B11600313305 /* Assets.xcassets in Resources */,
				42A920CF25239C6900CA3502 /* Assets.xcassets in Resources */,
			);
			runOnlyForDeploymentPostprocessing = 0;
		};
/* End PBXResourcesBuildPhase section */

/* Begin PBXSourcesBuildPhase section */
		4290C6CC2520484B005B1BC7 /* Sources */ = {
			isa = PBXSourcesBuildPhase;
			buildActionMask = 2147483647;
			files = (
				4290C6DE2520484B005B1BC7 /* CalculatorView.swift in Sources */,
				4290C6DC2520484B005B1BC7 /* Type_CalcApp.swift in Sources */,
				4204C0F4252116DF0004DB27 /* Solution.swift in Sources */,
				42048A0C2521996700D7FE48 /* TextCopiedModalView.swift in Sources */,
				42048A072521993B00D7FE48 /* HelpSheetView.swift in Sources */,
				42048A02252198F100D7FE48 /* LaunchScreenView.swift in Sources */,
			);
			runOnlyForDeploymentPostprocessing = 0;
		};
		42A920C425239C6700CA3502 /* Sources */ = {
			isa = PBXSourcesBuildPhase;
			buildActionMask = 2147483647;
			files = (
				42A920CD25239C6700CA3502 /* CalculatorView.swift in Sources */,
				42A920CB25239C6700CA3502 /* AppDelegate.swift in Sources */,
				42A920E825239D7F00CA3502 /* Solution.swift in Sources */,
			);
			runOnlyForDeploymentPostprocessing = 0;
		};
/* End PBXSourcesBuildPhase section */

/* Begin PBXTargetDependency section */
		42A920DF25239CB400CA3502 /* PBXTargetDependency */ = {
			isa = PBXTargetDependency;
			productRef = 42A920DE25239CB400CA3502 /* Expression */;
		};
/* End PBXTargetDependency section */

/* Begin PBXVariantGroup section */
		42A920D325239C6900CA3502 /* Main.storyboard */ = {
			isa = PBXVariantGroup;
			children = (
				42A920D425239C6900CA3502 /* Base */,
			);
			name = Main.storyboard;
			sourceTree = "<group>";
		};
/* End PBXVariantGroup section */

/* Begin XCBuildConfiguration section */
		4290C6E22520484B005B1BC7 /* Debug */ = {
			isa = XCBuildConfiguration;
			buildSettings = {
				ALWAYS_SEARCH_USER_PATHS = NO;
				CLANG_ANALYZER_NONNULL = YES;
				CLANG_ANALYZER_NUMBER_OBJECT_CONVERSION = YES_AGGRESSIVE;
				CLANG_CXX_LANGUAGE_STANDARD = "gnu++14";
				CLANG_CXX_LIBRARY = "libc++";
				CLANG_ENABLE_MODULES = YES;
				CLANG_ENABLE_OBJC_ARC = YES;
				CLANG_ENABLE_OBJC_WEAK = YES;
				CLANG_WARN_BLOCK_CAPTURE_AUTORELEASING = YES;
				CLANG_WARN_BOOL_CONVERSION = YES;
				CLANG_WARN_COMMA = YES;
				CLANG_WARN_CONSTANT_CONVERSION = YES;
				CLANG_WARN_DEPRECATED_OBJC_IMPLEMENTATIONS = YES;
				CLANG_WARN_DIRECT_OBJC_ISA_USAGE = YES_ERROR;
				CLANG_WARN_DOCUMENTATION_COMMENTS = YES;
				CLANG_WARN_EMPTY_BODY = YES;
				CLANG_WARN_ENUM_CONVERSION = YES;
				CLANG_WARN_INFINITE_RECURSION = YES;
				CLANG_WARN_INT_CONVERSION = YES;
				CLANG_WARN_NON_LITERAL_NULL_CONVERSION = YES;
				CLANG_WARN_OBJC_IMPLICIT_RETAIN_SELF = YES;
				CLANG_WARN_OBJC_LITERAL_CONVERSION = YES;
				CLANG_WARN_OBJC_ROOT_CLASS = YES_ERROR;
				CLANG_WARN_QUOTED_INCLUDE_IN_FRAMEWORK_HEADER = YES;
				CLANG_WARN_RANGE_LOOP_ANALYSIS = YES;
				CLANG_WARN_STRICT_PROTOTYPES = YES;
				CLANG_WARN_SUSPICIOUS_MOVE = YES;
				CLANG_WARN_UNGUARDED_AVAILABILITY = YES_AGGRESSIVE;
				CLANG_WARN_UNREACHABLE_CODE = YES;
				CLANG_WARN__DUPLICATE_METHOD_MATCH = YES;
				COPY_PHASE_STRIP = NO;
				DEBUG_INFORMATION_FORMAT = dwarf;
				ENABLE_STRICT_OBJC_MSGSEND = YES;
				ENABLE_TESTABILITY = YES;
				GCC_C_LANGUAGE_STANDARD = gnu11;
				GCC_DYNAMIC_NO_PIC = NO;
				GCC_NO_COMMON_BLOCKS = YES;
				GCC_OPTIMIZATION_LEVEL = 0;
				GCC_PREPROCESSOR_DEFINITIONS = (
					"DEBUG=1",
					"$(inherited)",
				);
				GCC_WARN_64_TO_32_BIT_CONVERSION = YES;
				GCC_WARN_ABOUT_RETURN_TYPE = YES_ERROR;
				GCC_WARN_UNDECLARED_SELECTOR = YES;
				GCC_WARN_UNINITIALIZED_AUTOS = YES_AGGRESSIVE;
				GCC_WARN_UNUSED_FUNCTION = YES;
				GCC_WARN_UNUSED_VARIABLE = YES;
				IPHONEOS_DEPLOYMENT_TARGET = 14.0;
				MACOSX_DEPLOYMENT_TARGET = 11.0;
				MTL_ENABLE_DEBUG_INFO = INCLUDE_SOURCE;
				MTL_FAST_MATH = YES;
				ONLY_ACTIVE_ARCH = YES;
				SWIFT_ACTIVE_COMPILATION_CONDITIONS = DEBUG;
				SWIFT_OPTIMIZATION_LEVEL = "-Onone";
			};
			name = Debug;
		};
		4290C6E32520484B005B1BC7 /* Release */ = {
			isa = XCBuildConfiguration;
			buildSettings = {
				ALWAYS_SEARCH_USER_PATHS = NO;
				CLANG_ANALYZER_NONNULL = YES;
				CLANG_ANALYZER_NUMBER_OBJECT_CONVERSION = YES_AGGRESSIVE;
				CLANG_CXX_LANGUAGE_STANDARD = "gnu++14";
				CLANG_CXX_LIBRARY = "libc++";
				CLANG_ENABLE_MODULES = YES;
				CLANG_ENABLE_OBJC_ARC = YES;
				CLANG_ENABLE_OBJC_WEAK = YES;
				CLANG_WARN_BLOCK_CAPTURE_AUTORELEASING = YES;
				CLANG_WARN_BOOL_CONVERSION = YES;
				CLANG_WARN_COMMA = YES;
				CLANG_WARN_CONSTANT_CONVERSION = YES;
				CLANG_WARN_DEPRECATED_OBJC_IMPLEMENTATIONS = YES;
				CLANG_WARN_DIRECT_OBJC_ISA_USAGE = YES_ERROR;
				CLANG_WARN_DOCUMENTATION_COMMENTS = YES;
				CLANG_WARN_EMPTY_BODY = YES;
				CLANG_WARN_ENUM_CONVERSION = YES;
				CLANG_WARN_INFINITE_RECURSION = YES;
				CLANG_WARN_INT_CONVERSION = YES;
				CLANG_WARN_NON_LITERAL_NULL_CONVERSION = YES;
				CLANG_WARN_OBJC_IMPLICIT_RETAIN_SELF = YES;
				CLANG_WARN_OBJC_LITERAL_CONVERSION = YES;
				CLANG_WARN_OBJC_ROOT_CLASS = YES_ERROR;
				CLANG_WARN_QUOTED_INCLUDE_IN_FRAMEWORK_HEADER = YES;
				CLANG_WARN_RANGE_LOOP_ANALYSIS = YES;
				CLANG_WARN_STRICT_PROTOTYPES = YES;
				CLANG_WARN_SUSPICIOUS_MOVE = YES;
				CLANG_WARN_UNGUARDED_AVAILABILITY = YES_AGGRESSIVE;
				CLANG_WARN_UNREACHABLE_CODE = YES;
				CLANG_WARN__DUPLICATE_METHOD_MATCH = YES;
				COPY_PHASE_STRIP = NO;
				DEBUG_INFORMATION_FORMAT = "dwarf-with-dsym";
				ENABLE_NS_ASSERTIONS = NO;
				ENABLE_STRICT_OBJC_MSGSEND = YES;
				GCC_C_LANGUAGE_STANDARD = gnu11;
				GCC_NO_COMMON_BLOCKS = YES;
				GCC_WARN_64_TO_32_BIT_CONVERSION = YES;
				GCC_WARN_ABOUT_RETURN_TYPE = YES_ERROR;
				GCC_WARN_UNDECLARED_SELECTOR = YES;
				GCC_WARN_UNINITIALIZED_AUTOS = YES_AGGRESSIVE;
				GCC_WARN_UNUSED_FUNCTION = YES;
				GCC_WARN_UNUSED_VARIABLE = YES;
				IPHONEOS_DEPLOYMENT_TARGET = 14.0;
				MACOSX_DEPLOYMENT_TARGET = 11.0;
				MTL_ENABLE_DEBUG_INFO = NO;
				MTL_FAST_MATH = YES;
				SWIFT_COMPILATION_MODE = wholemodule;
				SWIFT_OPTIMIZATION_LEVEL = "-O";
			};
			name = Release;
		};
		4290C6E52520484B005B1BC7 /* Debug */ = {
			isa = XCBuildConfiguration;
			buildSettings = {
				ASSETCATALOG_COMPILER_APPICON_NAME = AppIcon;
				ASSETCATALOG_COMPILER_GLOBAL_ACCENT_COLOR_NAME = AccentColor;
				CODE_SIGN_STYLE = Automatic;
				DEVELOPMENT_TEAM = 4476638AE3;
				ENABLE_PREVIEWS = YES;
				INFOPLIST_FILE = iOS/Info.plist;
				IPHONEOS_DEPLOYMENT_TARGET = 14.0;
				LD_RUNPATH_SEARCH_PATHS = (
					"$(inherited)",
					"@executable_path/Frameworks",
				);
				PRODUCT_BUNDLE_IDENTIFIER = "com.hoffmanjoshua.Type-Calc";
				PRODUCT_NAME = "Type-Calc";
				SDKROOT = iphoneos;
				SWIFT_VERSION = 5.0;
				TARGETED_DEVICE_FAMILY = "1,2";
			};
			name = Debug;
		};
		4290C6E62520484B005B1BC7 /* Release */ = {
			isa = XCBuildConfiguration;
			buildSettings = {
				ASSETCATALOG_COMPILER_APPICON_NAME = AppIcon;
				ASSETCATALOG_COMPILER_GLOBAL_ACCENT_COLOR_NAME = AccentColor;
				CODE_SIGN_STYLE = Automatic;
				DEVELOPMENT_TEAM = 4476638AE3;
				ENABLE_PREVIEWS = YES;
				INFOPLIST_FILE = iOS/Info.plist;
				IPHONEOS_DEPLOYMENT_TARGET = 14.0;
				LD_RUNPATH_SEARCH_PATHS = (
					"$(inherited)",
					"@executable_path/Frameworks",
				);
				PRODUCT_BUNDLE_IDENTIFIER = "com.hoffmanjoshua.Type-Calc";
				PRODUCT_NAME = "Type-Calc";
				SDKROOT = iphoneos;
				SWIFT_VERSION = 5.0;
				TARGETED_DEVICE_FAMILY = "1,2";
				VALIDATE_PRODUCT = YES;
			};
			name = Release;
		};
		42A920D925239C6900CA3502 /* Debug */ = {
			isa = XCBuildConfiguration;
			buildSettings = {
				ASSETCATALOG_COMPILER_APPICON_NAME = AppIcon;
				ASSETCATALOG_COMPILER_GLOBAL_ACCENT_COLOR_NAME = AccentColor;
				CLANG_ENABLE_CODE_COVERAGE = YES;
				CODE_SIGN_ENTITLEMENTS = "Type Calc/Type_Calc.entitlements";
				CODE_SIGN_STYLE = Automatic;
				COMBINE_HIDPI_IMAGES = YES;
				DEVELOPMENT_ASSET_PATHS = "\"Type Calc/Preview Content\"";
				DEVELOPMENT_TEAM = 4476638AE3;
				ENABLE_HARDENED_RUNTIME = YES;
				ENABLE_PREVIEWS = YES;
				INFOPLIST_FILE = "Type Calc/Info.plist";
				LD_RUNPATH_SEARCH_PATHS = (
					"$(inherited)",
					"@executable_path/../Frameworks",
				);
				MACOSX_DEPLOYMENT_TARGET = 10.15;
				PRODUCT_BUNDLE_IDENTIFIER = "com.hoffmanjoshua.Type-Calc";
				PRODUCT_NAME = "$(TARGET_NAME)";
				SDKROOT = macosx;
				SWIFT_VERSION = 5.0;
			};
			name = Debug;
		};
		42A920DA25239C6900CA3502 /* Release */ = {
			isa = XCBuildConfiguration;
			buildSettings = {
				ASSETCATALOG_COMPILER_APPICON_NAME = AppIcon;
				ASSETCATALOG_COMPILER_GLOBAL_ACCENT_COLOR_NAME = AccentColor;
				CLANG_ENABLE_CODE_COVERAGE = YES;
				CODE_SIGN_ENTITLEMENTS = "Type Calc/Type_Calc.entitlements";
				CODE_SIGN_STYLE = Automatic;
				COMBINE_HIDPI_IMAGES = YES;
				DEVELOPMENT_ASSET_PATHS = "\"Type Calc/Preview Content\"";
				DEVELOPMENT_TEAM = 4476638AE3;
				ENABLE_HARDENED_RUNTIME = YES;
				ENABLE_PREVIEWS = YES;
				INFOPLIST_FILE = "Type Calc/Info.plist";
				LD_RUNPATH_SEARCH_PATHS = (
					"$(inherited)",
					"@executable_path/../Frameworks",
				);
				MACOSX_DEPLOYMENT_TARGET = 10.15;
				PRODUCT_BUNDLE_IDENTIFIER = "com.hoffmanjoshua.Type-Calc";
				PRODUCT_NAME = "$(TARGET_NAME)";
				SDKROOT = macosx;
				SWIFT_VERSION = 5.0;
			};
			name = Release;
		};
/* End XCBuildConfiguration section */

/* Begin XCConfigurationList section */
		4290C6C72520484A005B1BC7 /* Build configuration list for PBXProject "Type-Calc" */ = {
			isa = XCConfigurationList;
			buildConfigurations = (
				4290C6E22520484B005B1BC7 /* Debug */,
				4290C6E32520484B005B1BC7 /* Release */,
			);
			defaultConfigurationIsVisible = 0;
			defaultConfigurationName = Release;
		};
		4290C6E42520484B005B1BC7 /* Build configuration list for PBXNativeTarget "Type-Calc (iOS)" */ = {
			isa = XCConfigurationList;
			buildConfigurations = (
				4290C6E52520484B005B1BC7 /* Debug */,
				4290C6E62520484B005B1BC7 /* Release */,
			);
			defaultConfigurationIsVisible = 0;
			defaultConfigurationName = Release;
		};
		42A920D825239C6900CA3502 /* Build configuration list for PBXNativeTarget "Type Calc" */ = {
			isa = XCConfigurationList;
			buildConfigurations = (
				42A920D925239C6900CA3502 /* Debug */,
				42A920DA25239C6900CA3502 /* Release */,
			);
			defaultConfigurationIsVisible = 0;
			defaultConfigurationName = Release;
		};
/* End XCConfigurationList section */

/* Begin XCRemoteSwiftPackageReference section */
		42B46B2625213D9300F12721 /* XCRemoteSwiftPackageReference "Expression" */ = {
			isa = XCRemoteSwiftPackageReference;
			repositoryURL = "https://github.com/nicklockwood/Expression.git";
			requirement = {
				kind = upToNextMajorVersion;
				minimumVersion = 0.13.2;
			};
		};
/* End XCRemoteSwiftPackageReference section */

/* Begin XCSwiftPackageProductDependency section */
		42A920DE25239CB400CA3502 /* Expression */ = {
			isa = XCSwiftPackageProductDependency;
			package = 42B46B2625213D9300F12721 /* XCRemoteSwiftPackageReference "Expression" */;
			productName = Expression;
		};
		42A920F42523A75900CA3502 /* Expression */ = {
			isa = XCSwiftPackageProductDependency;
			package = 42B46B2625213D9300F12721 /* XCRemoteSwiftPackageReference "Expression" */;
			productName = Expression;
		};
		42B46B2725213D9300F12721 /* Expression */ = {
			isa = XCSwiftPackageProductDependency;
			package = 42B46B2625213D9300F12721 /* XCRemoteSwiftPackageReference "Expression" */;
			productName = Expression;
		};
/* End XCSwiftPackageProductDependency section */
	};
	rootObject = 4290C6C42520484A005B1BC7 /* Project object */;
}
